
Microsoft Visual Studio Solution File, Format Version 12.00
# Visual Studio Version 17
VisualStudioVersion = 17.8.34316.72
MinimumVisualStudioVersion = 10.0.40219.1
Project("{9A19103F-16F7-4668-BE54-9A1E7A4F7556}") = "SenseMax", "SenseMax\SenseMax.csproj", "{8908D0FA-B2AD-405C-BA62-BBF93EB40452}"
EndProject
Project("{9A19103F-16F7-4668-BE54-9A1E7A4F7556}") = "SenseMaxTests", "SenseMaxTests\SenseMaxTests.csproj", "{200EEFC3-7785-4440-88EA-6A68FDA8E8FC}"
EndProject
Project("{FAE04EC0-301F-11D3-BF4B-00C04F79EFBC}") = "SenseRepositoryDB", "SenseRepositoryDB\SenseRepositoryDB.csproj", "{776EE0B8-4839-45E8-9B2C-BC63B3164CA6}"
EndProject
Global
	GlobalSection(SolutionConfigurationPlatforms) = preSolution
		Debug|Any CPU = Debug|Any CPU
		Release|Any CPU = Release|Any CPU
	EndGlobalSection
	GlobalSection(ProjectConfigurationPlatforms) = postSolution
		{8908D0FA-B2AD-405C-BA62-BBF93EB40452}.Debug|Any CPU.ActiveCfg = Debug|Any CPU
		{8908D0FA-B2AD-405C-BA62-BBF93EB40452}.Debug|Any CPU.Build.0 = Debug|Any CPU
		{8908D0FA-B2AD-405C-BA62-BBF93EB40452}.Release|Any CPU.ActiveCfg = Release|Any CPU
		{8908D0FA-B2AD-405C-BA62-BBF93EB40452}.Release|Any CPU.Build.0 = Release|Any CPU
		{200EEFC3-7785-4440-88EA-6A68FDA8E8FC}.Debug|Any CPU.ActiveCfg = Debug|Any CPU
		{200EEFC3-7785-4440-88EA-6A68FDA8E8FC}.Debug|Any CPU.Build.0 = Debug|Any CPU
		{200EEFC3-7785-4440-88EA-6A68FDA8E8FC}.Release|Any CPU.ActiveCfg = Release|Any CPU
		{200EEFC3-7785-4440-88EA-6A68FDA8E8FC}.Release|Any CPU.Build.0 = Release|Any CPU
		{776EE0B8-4839-45E8-9B2C-BC63B3164CA6}.Debug|Any CPU.ActiveCfg = Debug|Any CPU
		{776EE0B8-4839-45E8-9B2C-BC63B3164CA6}.Debug|Any CPU.Build.0 = Debug|Any CPU
		{776EE0B8-4839-45E8-9B2C-BC63B3164CA6}.Release|Any CPU.ActiveCfg = Release|Any CPU
		{776EE0B8-4839-45E8-9B2C-BC63B3164CA6}.Release|Any CPU.Build.0 = Release|Any CPU
	EndGlobalSection
	GlobalSection(SolutionProperties) = preSolution
		HideSolutionNode = FALSE
	EndGlobalSection
	GlobalSection(ExtensibilityGlobals) = postSolution
		SolutionGuid = {5EC42452-E586-4905-8844-56E6E0A97974}
	EndGlobalSection
EndGlobal
